// !$*UTF8*$!
{
	archiveVersion = 1;
	classes = {
	};
	objectVersion = 46;
	objects = {

/* Begin PBXBuildFile section */
		6D62F68A19B7D28300A2BE44 /* NodeView.swift in Sources */ = {isa = PBXBuildFile; fileRef = 6D62F68919B7D28300A2BE44 /* NodeView.swift */; };
		6DCC0DEB19B7B01400137C13 /* AppDelegate.swift in Sources */ = {isa = PBXBuildFile; fileRef = 6DCC0DEA19B7B01400137C13 /* AppDelegate.swift */; };
		6DCC0DEE19B7B01400137C13 /* BinaryTree.xcdatamodeld in Sources */ = {isa = PBXBuildFile; fileRef = 6DCC0DEC19B7B01400137C13 /* BinaryTree.xcdatamodeld */; };
		6DCC0DF019B7B01400137C13 /* ViewController.swift in Sources */ = {isa = PBXBuildFile; fileRef = 6DCC0DEF19B7B01400137C13 /* ViewController.swift */; };
		6DCC0DF319B7B01400137C13 /* Main.storyboard in Resources */ = {isa = PBXBuildFile; fileRef = 6DCC0DF119B7B01400137C13 /* Main.storyboard */; };
		6DCC0DF519B7B01400137C13 /* Images.xcassets in Resources */ = {isa = PBXBuildFile; fileRef = 6DCC0DF419B7B01400137C13 /* Images.xcassets */; };
		6DCC0E0119B7B01500137C13 /* BinaryTreeTests.swift in Sources */ = {isa = PBXBuildFile; fileRef = 6DCC0E0019B7B01500137C13 /* BinaryTreeTests.swift */; };
		6DCC0E0B19B7B02400137C13 /* BinaryTree.swift in Sources */ = {isa = PBXBuildFile; fileRef = 6DCC0E0A19B7B02400137C13 /* BinaryTree.swift */; };
/* End PBXBuildFile section */

/* Begin PBXContainerItemProxy section */
		6DCC0DFB19B7B01500137C13 /* PBXContainerItemProxy */ = {
			isa = PBXContainerItemProxy;
			containerPortal = 6DCC0DDD19B7B01400137C13 /* Project object */;
			proxyType = 1;
			remoteGlobalIDString = 6DCC0DE419B7B01400137C13;
			remoteInfo = BinaryTree;
		};
/* End PBXContainerItemProxy section */

/* Begin PBXFileReference section */
		6D62F68919B7D28300A2BE44 /* NodeView.swift */ = {isa = PBXFileReference; fileEncoding = 4; lastKnownFileType = sourcecode.swift; path = NodeView.swift; sourceTree = "<group>"; };
		6DCC0DE519B7B01400137C13 /* BinaryTree.app */ = {isa = PBXFileReference; explicitFileType = wrapper.application; includeInIndex = 0; path = BinaryTree.app; sourceTree = BUILT_PRODUCTS_DIR; };
		6DCC0DE919B7B01400137C13 /* Info.plist */ = {isa = PBXFileReference; lastKnownFileType = text.plist.xml; path = Info.plist; sourceTree = "<group>"; };
		6DCC0DEA19B7B01400137C13 /* AppDelegate.swift */ = {isa = PBXFileReference; lastKnownFileType = sourcecode.swift; path = AppDelegate.swift; sourceTree = "<group>"; };
		6DCC0DED19B7B01400137C13 /* BinaryTree.xcdatamodel */ = {isa = PBXFileReference; lastKnownFileType = wrapper.xcdatamodel; path = BinaryTree.xcdatamodel; sourceTree = "<group>"; };
		6DCC0DEF19B7B01400137C13 /* ViewController.swift */ = {isa = PBXFileReference; lastKnownFileType = sourcecode.swift; path = ViewController.swift; sourceTree = "<group>"; };
		6DCC0DF219B7B01400137C13 /* Base */ = {isa = PBXFileReference; lastKnownFileType = file.storyboard; name = Base; path = Base.lproj/Main.storyboard; sourceTree = "<group>"; };
		6DCC0DF419B7B01400137C13 /* Images.xcassets */ = {isa = PBXFileReference; lastKnownFileType = folder.assetcatalog; path = Images.xcassets; sourceTree = "<group>"; };
		6DCC0DFA19B7B01500137C13 /* BinaryTreeTests.xctest */ = {isa = PBXFileReference; explicitFileType = wrapper.cfbundle; includeInIndex = 0; path = BinaryTreeTests.xctest; sourceTree = BUILT_PRODUCTS_DIR; };
		6DCC0DFF19B7B01500137C13 /* Info.plist */ = {isa = PBXFileReference; lastKnownFileType = text.plist.xml; path = Info.plist; sourceTree = "<group>"; };
		6DCC0E0019B7B01500137C13 /* BinaryTreeTests.swift */ = {isa = PBXFileReference; lastKnownFileType = sourcecode.swift; path = BinaryTreeTests.swift; sourceTree = "<group>"; };
		6DCC0E0A19B7B02400137C13 /* BinaryTree.swift */ = {isa = PBXFileReference; fileEncoding = 4; lastKnownFileType = sourcecode.swift; path = BinaryTree.swift; sourceTree = "<group>"; };
/* End PBXFileReference section */

/* Begin PBXFrameworksBuildPhase section */
		6DCC0DE219B7B01400137C13 /* Frameworks */ = {
			isa = PBXFrameworksBuildPhase;
			buildActionMask = 2147483647;
			files = (
			);
			runOnlyForDeploymentPostprocessing = 0;
		};
		6DCC0DF719B7B01500137C13 /* Frameworks */ = {
			isa = PBXFrameworksBuildPhase;
			buildActionMask = 2147483647;
			files = (
			);
			runOnlyForDeploymentPostprocessing = 0;
		};
/* End PBXFrameworksBuildPhase section */

/* Begin PBXGroup section */
		6DCC0DDC19B7B01400137C13 = {
			isa = PBXGroup;
			children = (
				6DCC0DE719B7B01400137C13 /* BinaryTree */,
				6DCC0DFD19B7B01500137C13 /* BinaryTreeTests */,
				6DCC0DE619B7B01400137C13 /* Products */,
			);
			sourceTree = "<group>";
		};
		6DCC0DE619B7B01400137C13 /* Products */ = {
			isa = PBXGroup;
			children = (
				6DCC0DE519B7B01400137C13 /* BinaryTree.app */,
				6DCC0DFA19B7B01500137C13 /* BinaryTreeTests.xctest */,
			);
			name = Products;
			sourceTree = "<group>";
		};
		6DCC0DE719B7B01400137C13 /* BinaryTree */ = {
			isa = PBXGroup;
			children = (
				6DCC0DEA19B7B01400137C13 /* AppDelegate.swift */,
				6DCC0DEF19B7B01400137C13 /* ViewController.swift */,
				6DCC0E0A19B7B02400137C13 /* BinaryTree.swift */,
				6D62F68919B7D28300A2BE44 /* NodeView.swift */,
				6DCC0DF119B7B01400137C13 /* Main.storyboard */,
				6DCC0DF419B7B01400137C13 /* Images.xcassets */,
				6DCC0DEC19B7B01400137C13 /* BinaryTree.xcdatamodeld */,
				6DCC0DE819B7B01400137C13 /* Supporting Files */,
			);
			path = BinaryTree;
			sourceTree = "<group>";
		};
		6DCC0DE819B7B01400137C13 /* Supporting Files */ = {
			isa = PBXGroup;
			children = (
				6DCC0DE919B7B01400137C13 /* Info.plist */,
			);
			name = "Supporting Files";
			sourceTree = "<group>";
		};
		6DCC0DFD19B7B01500137C13 /* BinaryTreeTests */ = {
			isa = PBXGroup;
			children = (
				6DCC0E0019B7B01500137C13 /* BinaryTreeTests.swift */,
				6DCC0DFE19B7B01500137C13 /* Supporting Files */,
			);
			path = BinaryTreeTests;
			sourceTree = "<group>";
		};
		6DCC0DFE19B7B01500137C13 /* Supporting Files */ = {
			isa = PBXGroup;
			children = (
				6DCC0DFF19B7B01500137C13 /* Info.plist */,
			);
			name = "Supporting Files";
			sourceTree = "<group>";
		};
/* End PBXGroup section */

/* Begin PBXNativeTarget section */
		6DCC0DE419B7B01400137C13 /* BinaryTree */ = {
			isa = PBXNativeTarget;
			buildConfigurationList = 6DCC0E0419B7B01500137C13 /* Build configuration list for PBXNativeTarget "BinaryTree" */;
			buildPhases = (
				6DCC0DE119B7B01400137C13 /* Sources */,
				6DCC0DE219B7B01400137C13 /* Frameworks */,
				6DCC0DE319B7B01400137C13 /* Resources */,
			);
			buildRules = (
			);
			dependencies = (
			);
			name = BinaryTree;
			productName = BinaryTree;
			productReference = 6DCC0DE519B7B01400137C13 /* BinaryTree.app */;
			productType = "com.apple.product-type.application";
		};
		6DCC0DF919B7B01500137C13 /* BinaryTreeTests */ = {
			isa = PBXNativeTarget;
			buildConfigurationList = 6DCC0E0719B7B01500137C13 /* Build configuration list for PBXNativeTarget "BinaryTreeTests" */;
			buildPhases = (
				6DCC0DF619B7B01500137C13 /* Sources */,
				6DCC0DF719B7B01500137C13 /* Frameworks */,
				6DCC0DF819B7B01500137C13 /* Resources */,
			);
			buildRules = (
			);
			dependencies = (
				6DCC0DFC19B7B01500137C13 /* PBXTargetDependency */,
			);
			name = BinaryTreeTests;
			productName = BinaryTreeTests;
			productReference = 6DCC0DFA19B7B01500137C13 /* BinaryTreeTests.xctest */;
			productType = "com.apple.product-type.bundle.unit-test";
		};
/* End PBXNativeTarget section */

/* Begin PBXProject section */
		6DCC0DDD19B7B01400137C13 /* Project object */ = {
			isa = PBXProject;
			attributes = {
				LastUpgradeCheck = 0600;
				ORGANIZATIONNAME = "Dan Hoang";
				TargetAttributes = {
					6DCC0DE419B7B01400137C13 = {
						CreatedOnToolsVersion = 6.0;
					};
					6DCC0DF919B7B01500137C13 = {
						CreatedOnToolsVersion = 6.0;
						TestTargetID = 6DCC0DE419B7B01400137C13;
					};
				};
			};
			buildConfigurationList = 6DCC0DE019B7B01400137C13 /* Build configuration list for PBXProject "BinaryTree" */;
			compatibilityVersion = "Xcode 3.2";
			developmentRegion = English;
			hasScannedForEncodings = 0;
			knownRegions = (
				en,
				Base,
			);
			mainGroup = 6DCC0DDC19B7B01400137C13;
			productRefGroup = 6DCC0DE619B7B01400137C13 /* Products */;
			projectDirPath = "";
			projectRoot = "";
			targets = (
				6DCC0DE419B7B01400137C13 /* BinaryTree */,
				6DCC0DF919B7B01500137C13 /* BinaryTreeTests */,
			);
		};
/* End PBXProject section */

/* Begin PBXResourcesBuildPhase section */
		6DCC0DE319B7B01400137C13 /* Resources */ = {
			isa = PBXResourcesBuildPhase;
			buildActionMask = 2147483647;
			files = (
				6DCC0DF319B7B01400137C13 /* Main.storyboard in Resources */,
				6DCC0DF519B7B01400137C13 /* Images.xcassets in Resources */,
			);
			runOnlyForDeploymentPostprocessing = 0;
		};
		6DCC0DF819B7B01500137C13 /* Resources */ = {
			isa = PBXResourcesBuildPhase;
			buildActionMask = 2147483647;
			files = (
			);
			runOnlyForDeploymentPostprocessing = 0;
		};
/* End PBXResourcesBuildPhase section */

/* Begin PBXSourcesBuildPhase section */
		6DCC0DE119B7B01400137C13 /* Sources */ = {
			isa = PBXSourcesBuildPhase;
			buildActionMask = 2147483647;
			files = (
				6DCC0E0B19B7B02400137C13 /* BinaryTree.swift in Sources */,
				6DCC0DF019B7B01400137C13 /* ViewController.swift in Sources */,
				6DCC0DEE19B7B01400137C13 /* BinaryTree.xcdatamodeld in Sources */,
				6DCC0DEB19B7B01400137C13 /* AppDelegate.swift in Sources */,
				6D62F68A19B7D28300A2BE44 /* NodeView.swift in Sources */,
			);
			runOnlyForDeploymentPostprocessing = 0;
		};
		6DCC0DF619B7B01500137C13 /* Sources */ = {
			isa = PBXSourcesBuildPhase;
			buildActionMask = 2147483647;
			files = (
				6DCC0E0119B7B01500137C13 /* BinaryTreeTests.swift in Sources */,
			);
			runOnlyForDeploymentPostprocessing = 0;
		};
/* End PBXSourcesBuildPhase section */

/* Begin PBXTargetDependency section */
		6DCC0DFC19B7B01500137C13 /* PBXTargetDependency */ = {
			isa = PBXTargetDependency;
			target = 6DCC0DE419B7B01400137C13 /* BinaryTree */;
			targetProxy = 6DCC0DFB19B7B01500137C13 /* PBXContainerItemProxy */;
		};
/* End PBXTargetDependency section */

/* Begin PBXVariantGroup section */
		6DCC0DF119B7B01400137C13 /* Main.storyboard */ = {
			isa = PBXVariantGroup;
			children = (
				6DCC0DF219B7B01400137C13 /* Base */,
			);
			name = Main.storyboard;
			sourceTree = "<group>";
		};
/* End PBXVariantGroup section */

/* Begin XCBuildConfiguration section */
		6DCC0E0219B7B01500137C13 /* Debug */ = {
			isa = XCBuildConfiguration;
			buildSettings = {
				ALWAYS_SEARCH_USER_PATHS = NO;
				CLANG_CXX_LANGUAGE_STANDARD = "gnu++0x";
				CLANG_CXX_LIBRARY = "libc++";
				CLANG_ENABLE_MODULES = YES;
				CLANG_ENABLE_OBJC_ARC = YES;
				CLANG_WARN_BOOL_CONVERSION = YES;
				CLANG_WARN_CONSTANT_CONVERSION = YES;
				CLANG_WARN_DIRECT_OBJC_ISA_USAGE = YES_ERROR;
				CLANG_WARN_EMPTY_BODY = YES;
				CLANG_WARN_ENUM_CONVERSION = YES;
				CLANG_WARN_INT_CONVERSION = YES;
				CLANG_WARN_OBJC_ROOT_CLASS = YES_ERROR;
				CLANG_WARN_UNREACHABLE_CODE = YES;
				CLANG_WARN__DUPLICATE_METHOD_MATCH = YES;
				"CODE_SIGN_IDENTITY[sdk=iphoneos*]" = "iPhone Developer";
				COPY_PHASE_STRIP = NO;
				ENABLE_STRICT_OBJC_MSGSEND = YES;
				GCC_C_LANGUAGE_STANDARD = gnu99;
				GCC_DYNAMIC_NO_PIC = NO;
				GCC_OPTIMIZATION_LEVEL = 0;
				GCC_PREPROCESSOR_DEFINITIONS = (
					"DEBUG=1",
					"$(inherited)",
				);
				GCC_SYMBOLS_PRIVATE_EXTERN = NO;
				GCC_WARN_64_TO_32_BIT_CONVERSION = YES;
				GCC_WARN_ABOUT_RETURN_TYPE = YES_ERROR;
				GCC_WARN_UNDECLARED_SELECTOR = YES;
				GCC_WARN_UNINITIALIZED_AUTOS = YES_AGGRESSIVE;
				GCC_WARN_UNUSED_FUNCTION = YES;
				GCC_WARN_UNUSED_VARIABLE = YES;
				IPHONEOS_DEPLOYMENT_TARGET = 8.0;
				MTL_ENABLE_DEBUG_INFO = YES;
				ONLY_ACTIVE_ARCH = YES;
				SDKROOT = iphoneos;
				SWIFT_OPTIMIZATION_LEVEL = "-Onone";
				TARGETED_DEVICE_FAMILY = "1,2";
			};
			name = Debug;
		};
		6DCC0E0319B7B01500137C13 /* Release */ = {
			isa = XCBuildConfiguration;
			buildSettings = {
				ALWAYS_SEARCH_USER_PATHS = NO;
				CLANG_CXX_LANGUAGE_STANDARD = "gnu++0x";
				CLANG_CXX_LIBRARY = "libc++";
				CLANG_ENABLE_MODULES = YES;
				CLANG_ENABLE_OBJC_ARC = YES;
				CLANG_WARN_BOOL_CONVERSION = YES;
				CLANG_WARN_CONSTANT_CONVERSION = YES;
				CLANG_WARN_DIRECT_OBJC_ISA_USAGE = YES_ERROR;
				CLANG_WARN_EMPTY_BODY = YES;
				CLANG_WARN_ENUM_CONVERSION = YES;
				CLANG_WARN_INT_CONVERSION = YES;
				CLANG_WARN_OBJC_ROOT_CLASS = YES_ERROR;
				CLANG_WARN_UNREACHABLE_CODE = YES;
				CLANG_WARN__DUPLICATE_METHOD_MATCH = YES;
				"CODE_SIGN_IDENTITY[sdk=iphoneos*]" = "iPhone Developer";
				COPY_PHASE_STRIP = YES;
				ENABLE_NS_ASSERTIONS = NO;
				ENABLE_STRICT_OBJC_MSGSEND = YES;
				GCC_C_LANGUAGE_STANDARD = gnu99;
				GCC_WARN_64_TO_32_BIT_CONVERSION = YES;
				GCC_WARN_ABOUT_RETURN_TYPE = YES_ERROR;
				GCC_WARN_UNDECLARED_SELECTOR = YES;
				GCC_WARN_UNINITIALIZED_AUTOS = YES_AGGRESSIVE;
				GCC_WARN_UNUSED_FUNCTION = YES;
				GCC_WARN_UNUSED_VARIABLE = YES;
				IPHONEOS_DEPLOYMENT_TARGET = 8.0;
				MTL_ENABLE_DEBUG_INFO = NO;
				SDKROOT = iphoneos;
				TARGETED_DEVICE_FAMILY = "1,2";
				VALIDATE_PRODUCT = YES;
			};
			name = Release;
		};
		6DCC0E0519B7B01500137C13 /* Debug */ = {
			isa = XCBuildConfiguration;
			buildSettings = {
				ASSETCATALOG_COMPILER_APPICON_NAME = AppIcon;
				ASSETCATALOG_COMPILER_LAUNCHIMAGE_NAME = LaunchImage;
				INFOPLIST_FILE = BinaryTree/Info.plist;
				LD_RUNPATH_SEARCH_PATHS = "$(inherited) @executable_path/Frameworks";
				PRODUCT_NAME = "$(TARGET_NAME)";
			};
			name = Debug;
		};
		6DCC0E0619B7B01500137C13 /* Release */ = {
			isa = XCBuildConfiguration;
			buildSettings = {
				ASSETCATALOG_COMPILER_APPICON_NAME = AppIcon;
				ASSETCATALOG_COMPILER_LAUNCHIMAGE_NAME = LaunchImage;
				INFOPLIST_FILE = BinaryTree/Info.plist;
				LD_RUNPATH_SEARCH_PATHS = "$(inherited) @executable_path/Frameworks";
				PRODUCT_NAME = "$(TARGET_NAME)";
			};
			name = Release;
		};
		6DCC0E0819B7B01500137C13 /* Debug */ = {
			isa = XCBuildConfiguration;
			buildSettings = {
				BUNDLE_LOADER = "$(TEST_HOST)";
				FRAMEWORK_SEARCH_PATHS = (
					"$(SDKROOT)/Developer/Library/Frameworks",
					"$(inherited)",
				);
				GCC_PREPROCESSOR_DEFINITIONS = (
					"DEBUG=1",
					"$(inherited)",
				);
				INFOPLIST_FILE = BinaryTreeTests/Info.plist;
				LD_RUNPATH_SEARCH_PATHS = "$(inherited) @executable_path/Frameworks @loader_path/Frameworks";
				PRODUCT_NAME = "$(TARGET_NAME)";
				TEST_HOST = "$(BUILT_PRODUCTS_DIR)/BinaryTree.app/BinaryTree";
			};
			name = Debug;
		};
		6DCC0E0919B7B01500137C13 /* Release */ = {
			isa = XCBuildConfiguration;
			buildSettings = {
				BUNDLE_LOADER = "$(TEST_HOST)";
				FRAMEWORK_SEARCH_PATHS = (
					"$(SDKROOT)/Developer/Library/Frameworks",
					"$(inherited)",
				);
				INFOPLIST_FILE = BinaryTreeTests/Info.plist;
				LD_RUNPATH_SEARCH_PATHS = "$(inherited) @executable_path/Frameworks @loader_path/Frameworks";
				PRODUCT_NAME = "$(TARGET_NAME)";
				TEST_HOST = "$(BUILT_PRODUCTS_DIR)/BinaryTree.app/BinaryTree";
			};
			name = Release;
		};
/* End XCBuildConfiguration section */

/* Begin XCConfigurationList section */
		6DCC0DE019B7B01400137C13 /* Build configuration list for PBXProject "BinaryTree" */ = {
			isa = XCConfigurationList;
			buildConfigurations = (
				6DCC0E0219B7B01500137C13 /* Debug */,
				6DCC0E0319B7B01500137C13 /* Release */,
			);
			defaultConfigurationIsVisible = 0;
			defaultConfigurationName = Release;
		};
		6DCC0E0419B7B01500137C13 /* Build configuration list for PBXNativeTarget "BinaryTree" */ = {
			isa = XCConfigurationList;
			buildConfigurations = (
				6DCC0E0519B7B01500137C13 /* Debug */,
				6DCC0E0619B7B01500137C13 /* Release */,
			);
			defaultConfigurationIsVisible = 0;
			defaultConfigurationName = Release;
		};
		6DCC0E0719B7B01500137C13 /* Build configuration list for PBXNativeTarget "BinaryTreeTests" */ = {
			isa = XCConfigurationList;
			buildConfigurations = (
				6DCC0E0819B7B01500137C13 /* Debug */,
				6DCC0E0919B7B01500137C13 /* Release */,
			);
			defaultConfigurationIsVisible = 0;
			defaultConfigurationName = Release;
		};
/* End XCConfigurationList section */

/* Begin XCVersionGroup section */
		6DCC0DEC19B7B01400137C13 /* BinaryTree.xcdatamodeld */ = {
			isa = XCVersionGroup;
			children = (
				6DCC0DED19B7B01400137C13 /* BinaryTree.xcdatamodel */,
			);
			currentVersion = 6DCC0DED19B7B01400137C13 /* BinaryTree.xcdatamodel */;
			path = BinaryTree.xcdatamodeld;
			sourceTree = "<group>";
			versionGroupType = wrapper.xcdatamodel;
		};
/* End XCVersionGroup section */
	};
	rootObject = 6DCC0DDD19B7B01400137C13 /* Project object */;
}
